
Microsoft Visual Studio Solution File, Format Version 12.00
# Visual Studio Version 16
VisualStudioVersion = 16.0.31702.278
MinimumVisualStudioVersion = 10.0.40219.1
Project("{FAE04EC0-301F-11D3-BF4B-00C04F79EFBC}") = "TRMDataManager", "TRMDataManager\TRMDataManager.csproj", "{53C25612-4AC0-4643-A5D3-93775A98E2F5}"
EndProject
Project("{00D1A9C2-B5F0-4AF3-8072-F6C62B433612}") = "TRMData", "TRMData\TRMData.sqlproj", "{1CE9F14A-2214-4565-8C26-6A77C402C85E}"
EndProject
Project("{FAE04EC0-301F-11D3-BF4B-00C04F79EFBC}") = "TRMDesktopUI", "TRMDesktopUI\TRMDesktopUI.csproj", "{E9580F22-B28C-4C32-A392-A502CF520B61}"
EndProject
Project("{FAE04EC0-301F-11D3-BF4B-00C04F79EFBC}") = "TRMDataManager.Library", "TRMDataManager.Library\TRMDataManager.Library.csproj", "{A251A9B5-FE35-4A9A-9AA5-F81F3B80DC94}"
EndProject
Project("{FAE04EC0-301F-11D3-BF4B-00C04F79EFBC}") = "TRMDesktopUI.Library", "TRMDesktopUI.Library\TRMDesktopUI.Library.csproj", "{8173E554-264D-4367-8AAD-15A159D7ADAB}"
EndProject
Global
	GlobalSection(SolutionConfigurationPlatforms) = preSolution
		Debug|Any CPU = Debug|Any CPU
		Release|Any CPU = Release|Any CPU
	EndGlobalSection
	GlobalSection(ProjectConfigurationPlatforms) = postSolution
		{53C25612-4AC0-4643-A5D3-93775A98E2F5}.Debug|Any CPU.ActiveCfg = Debug|Any CPU
		{53C25612-4AC0-4643-A5D3-93775A98E2F5}.Debug|Any CPU.Build.0 = Debug|Any CPU
		{53C25612-4AC0-4643-A5D3-93775A98E2F5}.Release|Any CPU.ActiveCfg = Release|Any CPU
		{53C25612-4AC0-4643-A5D3-93775A98E2F5}.Release|Any CPU.Build.0 = Release|Any CPU
		{1CE9F14A-2214-4565-8C26-6A77C402C85E}.Debug|Any CPU.ActiveCfg = Debug|Any CPU
		{1CE9F14A-2214-4565-8C26-6A77C402C85E}.Debug|Any CPU.Build.0 = Debug|Any CPU
		{1CE9F14A-2214-4565-8C26-6A77C402C85E}.Debug|Any CPU.Deploy.0 = Debug|Any CPU
		{1CE9F14A-2214-4565-8C26-6A77C402C85E}.Release|Any CPU.ActiveCfg = Release|Any CPU
		{1CE9F14A-2214-4565-8C26-6A77C402C85E}.Release|Any CPU.Build.0 = Release|Any CPU
		{1CE9F14A-2214-4565-8C26-6A77C402C85E}.Release|Any CPU.Deploy.0 = Release|Any CPU
		{E9580F22-B28C-4C32-A392-A502CF520B61}.Debug|Any CPU.ActiveCfg = Debug|Any CPU
		{E9580F22-B28C-4C32-A392-A502CF520B61}.Debug|Any CPU.Build.0 = Debug|Any CPU
		{E9580F22-B28C-4C32-A392-A502CF520B61}.Release|Any CPU.ActiveCfg = Release|Any CPU
		{E9580F22-B28C-4C32-A392-A502CF520B61}.Release|Any CPU.Build.0 = Release|Any CPU
		{A251A9B5-FE35-4A9A-9AA5-F81F3B80DC94}.Debug|Any CPU.ActiveCfg = Debug|Any CPU
		{A251A9B5-FE35-4A9A-9AA5-F81F3B80DC94}.Debug|Any CPU.Build.0 = Debug|Any CPU
		{A251A9B5-FE35-4A9A-9AA5-F81F3B80DC94}.Release|Any CPU.ActiveCfg = Release|Any CPU
		{A251A9B5-FE35-4A9A-9AA5-F81F3B80DC94}.Release|Any CPU.Build.0 = Release|Any CPU
		{8173E554-264D-4367-8AAD-15A159D7ADAB}.Debug|Any CPU.ActiveCfg = Debug|Any CPU
		{8173E554-264D-4367-8AAD-15A159D7ADAB}.Debug|Any CPU.Build.0 = Debug|Any CPU
		{8173E554-264D-4367-8AAD-15A159D7ADAB}.Release|Any CPU.ActiveCfg = Release|Any CPU
		{8173E554-264D-4367-8AAD-15A159D7ADAB}.Release|Any CPU.Build.0 = Release|Any CPU
	EndGlobalSection
	GlobalSection(SolutionProperties) = preSolution
		HideSolutionNode = FALSE
	EndGlobalSection
	GlobalSection(ExtensibilityGlobals) = postSolution
		SolutionGuid = {7727089F-16EB-47E0-8CEB-E6E91395F221}
	EndGlobalSection
EndGlobal
